# This file is automatically @generated by Cargo.
# It is not intended for manual editing.
version = 3

[[package]]
name = "agb_fixnum"
version = "0.15.0"
source = "registry+https://github.com/rust-lang/crates.io-index"
checksum = "4b7e8f9bf72520ed7c57aa2c234db81220f7fbbcd00328af98d16fe4e25b55dc"
dependencies = [
 "agb_macros",
]

[[package]]
name = "agb_hashmap"
version = "0.15.0"
source = "registry+https://github.com/rust-lang/crates.io-index"
checksum = "8b191a472f8cbd7585204ebf57ec45f51b4bc8a999cc95f1d1d7a8ee890fb334"
dependencies = [
 "rustc-hash",
]

[[package]]
name = "agb_macros"
version = "0.15.0"
source = "registry+https://github.com/rust-lang/crates.io-index"
checksum = "27950c0058d4396bdfad6935ae6cb21e04ddeb4622ae330039d18a85793209e7"
dependencies = [
 "proc-macro2",
 "quote",
 "syn",
]

[[package]]
name = "lane_logic"
version = "0.1.0"
dependencies = [
 "agb_fixnum",
 "agb_hashmap",
 "slotmap",
]

[[package]]
name = "proc-macro2"
version = "1.0.56"
source = "registry+https://github.com/rust-lang/crates.io-index"
checksum = "2b63bdb0cd06f1f4dedf69b254734f9b45af66e4a031e42a7480257d9898b435"
dependencies = [
 "unicode-ident",
]

[[package]]
name = "quote"
version = "1.0.26"
source = "registry+https://github.com/rust-lang/crates.io-index"
checksum = "4424af4bf778aae2051a77b60283332f386554255d722233d09fbfc7e30da2fc"
dependencies = [
 "proc-macro2",
]

[[package]]
name = "rustc-hash"
version = "1.1.0"
source = "registry+https://github.com/rust-lang/crates.io-index"
checksum = "08d43f7aa6b08d49f382cde6a7982047c3426db949b1424bc4b7ec9ae12c6ce2"

[[package]]
name = "slotmap"
version = "1.0.6"
source = "registry+https://github.com/rust-lang/crates.io-index"
checksum = "e1e08e261d0e8f5c43123b7adf3e4ca1690d655377ac93a03b2c9d3e98de1342"
dependencies = [
 "version_check",
]

[[package]]
name = "syn"
version = "2.0.15"
source = "registry+https://github.com/rust-lang/crates.io-index"
checksum = "a34fcf3e8b60f57e6a14301a2e916d323af98b0ea63c599441eec8558660c822"
dependencies = [
 "proc-macro2",
 "quote",
 "unicode-ident",
]

[[package]]
name = "unicode-ident"
version = "1.0.4"
source = "registry+https://github.com/rust-lang/crates.io-index"
checksum = "dcc811dc4066ac62f84f11307873c4850cb653bfa9b1719cee2bd2204a4bc5dd"

[[package]]
name = "version_check"
version = "0.9.4"
source = "registry+https://github.com/rust-lang/crates.io-index"
checksum = "49874b5167b65d7193b8aba1567f5c7d93d001cafc34600cee003eda787e483f"
