# This file is automatically @generated by Cargo.
# It is not intended for manual editing.
version = 3

[[package]]
name = "agb_fixnum"
version = "0.16.0"
source = "registry+https://github.com/rust-lang/crates.io-index"
checksum = "01bece8a97318b45b1aea0ba3605486ec61b234fabc428cc3f94bcd74c9d4f9b"
dependencies = [
 "agb_macros",
]

[[package]]
name = "agb_hashmap"
version = "0.16.0"
source = "registry+https://github.com/rust-lang/crates.io-index"
checksum = "aa8e34f934d8d788a8ef5ca77a6328f0ae25bb8061813339c3f39e4855d2c524"
dependencies = [
 "rustc-hash",
]

[[package]]
name = "agb_macros"
version = "0.16.0"
source = "registry+https://github.com/rust-lang/crates.io-index"
checksum = "9b6abf418099c5e70b4b105035eb6819e51822a9685d489082aec75e698b41c9"
dependencies = [
 "proc-macro2",
 "quote",
 "syn",
]

[[package]]
name = "lane_logic"
version = "0.1.0"
dependencies = [
 "agb_fixnum",
 "agb_hashmap",
 "slotmap",
]

[[package]]
name = "proc-macro2"
version = "1.0.56"
source = "registry+https://github.com/rust-lang/crates.io-index"
checksum = "2b63bdb0cd06f1f4dedf69b254734f9b45af66e4a031e42a7480257d9898b435"
dependencies = [
 "unicode-ident",
]

[[package]]
name = "quote"
version = "1.0.26"
source = "registry+https://github.com/rust-lang/crates.io-index"
checksum = "4424af4bf778aae2051a77b60283332f386554255d722233d09fbfc7e30da2fc"
dependencies = [
 "proc-macro2",
]

[[package]]
name = "rustc-hash"
version = "1.1.0"
source = "registry+https://github.com/rust-lang/crates.io-index"
checksum = "08d43f7aa6b08d49f382cde6a7982047c3426db949b1424bc4b7ec9ae12c6ce2"

[[package]]
name = "slotmap"
version = "1.0.6"
source = "registry+https://github.com/rust-lang/crates.io-index"
checksum = "e1e08e261d0e8f5c43123b7adf3e4ca1690d655377ac93a03b2c9d3e98de1342"
dependencies = [
 "version_check",
]

[[package]]
name = "syn"
version = "2.0.15"
source = "registry+https://github.com/rust-lang/crates.io-index"
checksum = "a34fcf3e8b60f57e6a14301a2e916d323af98b0ea63c599441eec8558660c822"
dependencies = [
 "proc-macro2",
 "quote",
 "unicode-ident",
]

[[package]]
name = "unicode-ident"
version = "1.0.4"
source = "registry+https://github.com/rust-lang/crates.io-index"
checksum = "dcc811dc4066ac62f84f11307873c4850cb653bfa9b1719cee2bd2204a4bc5dd"

[[package]]
name = "version_check"
version = "0.9.4"
source = "registry+https://github.com/rust-lang/crates.io-index"
checksum = "49874b5167b65d7193b8aba1567f5c7d93d001cafc34600cee003eda787e483f"
